// !$*UTF8*$!
{
	archiveVersion = 1;
	classes = {
	};
	objectVersion = 50;
	objects = {

/* Begin PBXBuildFile section */
		795D4BD724D3FAA600BE1EC6 /* AppDelegate.swift in Sources */ = {isa = PBXBuildFile; fileRef = 795D4BD624D3FAA600BE1EC6 /* AppDelegate.swift */; };
		795D4BD924D3FAA600BE1EC6 /* SceneDelegate.swift in Sources */ = {isa = PBXBuildFile; fileRef = 795D4BD824D3FAA600BE1EC6 /* SceneDelegate.swift */; };
		795D4BDB24D3FAA600BE1EC6 /* ViewController.swift in Sources */ = {isa = PBXBuildFile; fileRef = 795D4BDA24D3FAA600BE1EC6 /* ViewController.swift */; };
		795D4BDE24D3FAA600BE1EC6 /* Main.storyboard in Resources */ = {isa = PBXBuildFile; fileRef = 795D4BDC24D3FAA600BE1EC6 /* Main.storyboard */; };
		795D4BE024D3FAA900BE1EC6 /* Assets.xcassets in Resources */ = {isa = PBXBuildFile; fileRef = 795D4BDF24D3FAA900BE1EC6 /* Assets.xcassets */; };
		795D4BE324D3FAA900BE1EC6 /* LaunchScreen.storyboard in Resources */ = {isa = PBXBuildFile; fileRef = 795D4BE124D3FAA900BE1EC6 /* LaunchScreen.storyboard */; };
		795D4BED24D405E100BE1EC6 /* CurrencyTxtField.swift in Sources */ = {isa = PBXBuildFile; fileRef = 795D4BEC24D405E100BE1EC6 /* CurrencyTxtField.swift */; };
		79BAB27424DBD410008566D4 /* window_shopperTests.swift in Sources */ = {isa = PBXBuildFile; fileRef = 79BAB27324DBD410008566D4 /* window_shopperTests.swift */; };
		79BAB27D24DBD439008566D4 /* Wage.swift in Sources */ = {isa = PBXBuildFile; fileRef = 79BAB27C24DBD439008566D4 /* Wage.swift */; };
		79BAB27E24DBD5C7008566D4 /* Wage.swift in Sources */ = {isa = PBXBuildFile; fileRef = 79BAB27C24DBD439008566D4 /* Wage.swift */; };
/* End PBXBuildFile section */

/* Begin PBXContainerItemProxy section */
		79BAB27624DBD410008566D4 /* PBXContainerItemProxy */ = {
			isa = PBXContainerItemProxy;
			containerPortal = 795D4BCB24D3FAA600BE1EC6 /* Project object */;
			proxyType = 1;
			remoteGlobalIDString = 795D4BD224D3FAA600BE1EC6;
			remoteInfo = "window-shopper";
		};
/* End PBXContainerItemProxy section */

/* Begin PBXFileReference section */
		795D4BD324D3FAA600BE1EC6 /* window-shopper.app */ = {isa = PBXFileReference; explicitFileType = wrapper.application; includeInIndex = 0; path = "window-shopper.app"; sourceTree = BUILT_PRODUCTS_DIR; };
		795D4BD624D3FAA600BE1EC6 /* AppDelegate.swift */ = {isa = PBXFileReference; lastKnownFileType = sourcecode.swift; path = AppDelegate.swift; sourceTree = "<group>"; };
		795D4BD824D3FAA600BE1EC6 /* SceneDelegate.swift */ = {isa = PBXFileReference; lastKnownFileType = sourcecode.swift; path = SceneDelegate.swift; sourceTree = "<group>"; };
		795D4BDA24D3FAA600BE1EC6 /* ViewController.swift */ = {isa = PBXFileReference; lastKnownFileType = sourcecode.swift; path = ViewController.swift; sourceTree = "<group>"; };
		795D4BDD24D3FAA600BE1EC6 /* Base */ = {isa = PBXFileReference; lastKnownFileType = file.storyboard; name = Base; path = Base.lproj/Main.storyboard; sourceTree = "<group>"; };
		795D4BDF24D3FAA900BE1EC6 /* Assets.xcassets */ = {isa = PBXFileReference; lastKnownFileType = folder.assetcatalog; path = Assets.xcassets; sourceTree = "<group>"; };
		795D4BE224D3FAA900BE1EC6 /* Base */ = {isa = PBXFileReference; lastKnownFileType = file.storyboard; name = Base; path = Base.lproj/LaunchScreen.storyboard; sourceTree = "<group>"; };
		795D4BE424D3FAA900BE1EC6 /* Info.plist */ = {isa = PBXFileReference; lastKnownFileType = text.plist.xml; path = Info.plist; sourceTree = "<group>"; };
		795D4BEC24D405E100BE1EC6 /* CurrencyTxtField.swift */ = {isa = PBXFileReference; lastKnownFileType = sourcecode.swift; path = CurrencyTxtField.swift; sourceTree = "<group>"; };
		79BAB27124DBD410008566D4 /* window-shopperTests.xctest */ = {isa = PBXFileReference; explicitFileType = wrapper.cfbundle; includeInIndex = 0; path = "window-shopperTests.xctest"; sourceTree = BUILT_PRODUCTS_DIR; };
		79BAB27324DBD410008566D4 /* window_shopperTests.swift */ = {isa = PBXFileReference; lastKnownFileType = sourcecode.swift; path = window_shopperTests.swift; sourceTree = "<group>"; };
		79BAB27524DBD410008566D4 /* Info.plist */ = {isa = PBXFileReference; lastKnownFileType = text.plist.xml; path = Info.plist; sourceTree = "<group>"; };
		79BAB27C24DBD439008566D4 /* Wage.swift */ = {isa = PBXFileReference; lastKnownFileType = sourcecode.swift; path = Wage.swift; sourceTree = "<group>"; };
/* End PBXFileReference section */

/* Begin PBXFrameworksBuildPhase section */
		795D4BD024D3FAA600BE1EC6 /* Frameworks */ = {
			isa = PBXFrameworksBuildPhase;
			buildActionMask = 2147483647;
			files = (
			);
			runOnlyForDeploymentPostprocessing = 0;
		};
		79BAB26E24DBD410008566D4 /* Frameworks */ = {
			isa = PBXFrameworksBuildPhase;
			buildActionMask = 2147483647;
			files = (
			);
			runOnlyForDeploymentPostprocessing = 0;
		};
/* End PBXFrameworksBuildPhase section */

/* Begin PBXGroup section */
		795D4BCA24D3FAA600BE1EC6 = {
			isa = PBXGroup;
			children = (
				795D4BD524D3FAA600BE1EC6 /* window-shopper */,
				79BAB27224DBD410008566D4 /* window-shopperTests */,
				795D4BD424D3FAA600BE1EC6 /* Products */,
			);
			sourceTree = "<group>";
		};
		795D4BD424D3FAA600BE1EC6 /* Products */ = {
			isa = PBXGroup;
			children = (
				795D4BD324D3FAA600BE1EC6 /* window-shopper.app */,
				79BAB27124DBD410008566D4 /* window-shopperTests.xctest */,
			);
			name = Products;
			sourceTree = "<group>";
		};
		795D4BD524D3FAA600BE1EC6 /* window-shopper */ = {
			isa = PBXGroup;
			children = (
				79BAB27B24DBD425008566D4 /* Model */,
				795D4BEB24D405AC00BE1EC6 /* Views */,
				795D4BD624D3FAA600BE1EC6 /* AppDelegate.swift */,
				795D4BD824D3FAA600BE1EC6 /* SceneDelegate.swift */,
				795D4BEA24D4059C00BE1EC6 /* Controller */,
				795D4BDC24D3FAA600BE1EC6 /* Main.storyboard */,
				795D4BDF24D3FAA900BE1EC6 /* Assets.xcassets */,
				795D4BE124D3FAA900BE1EC6 /* LaunchScreen.storyboard */,
				795D4BE424D3FAA900BE1EC6 /* Info.plist */,
			);
			path = "window-shopper";
			sourceTree = "<group>";
		};
		795D4BEA24D4059C00BE1EC6 /* Controller */ = {
			isa = PBXGroup;
			children = (
				795D4BDA24D3FAA600BE1EC6 /* ViewController.swift */,
			);
			path = Controller;
			sourceTree = "<group>";
		};
		795D4BEB24D405AC00BE1EC6 /* Views */ = {
			isa = PBXGroup;
			children = (
				795D4BEC24D405E100BE1EC6 /* CurrencyTxtField.swift */,
			);
			path = Views;
			sourceTree = "<group>";
		};
		79BAB27224DBD410008566D4 /* window-shopperTests */ = {
			isa = PBXGroup;
			children = (
				79BAB27324DBD410008566D4 /* window_shopperTests.swift */,
				79BAB27524DBD410008566D4 /* Info.plist */,
			);
			path = "window-shopperTests";
			sourceTree = "<group>";
		};
		79BAB27B24DBD425008566D4 /* Model */ = {
			isa = PBXGroup;
			children = (
				79BAB27C24DBD439008566D4 /* Wage.swift */,
			);
			path = Model;
			sourceTree = "<group>";
		};
/* End PBXGroup section */

/* Begin PBXNativeTarget section */
		795D4BD224D3FAA600BE1EC6 /* window-shopper */ = {
			isa = PBXNativeTarget;
			buildConfigurationList = 795D4BE724D3FAA900BE1EC6 /* Build configuration list for PBXNativeTarget "window-shopper" */;
			buildPhases = (
				795D4BCF24D3FAA600BE1EC6 /* Sources */,
				795D4BD024D3FAA600BE1EC6 /* Frameworks */,
				795D4BD124D3FAA600BE1EC6 /* Resources */,
			);
			buildRules = (
			);
			dependencies = (
			);
			name = "window-shopper";
			productName = "window-shopper";
			productReference = 795D4BD324D3FAA600BE1EC6 /* window-shopper.app */;
			productType = "com.apple.product-type.application";
		};
		79BAB27024DBD410008566D4 /* window-shopperTests */ = {
			isa = PBXNativeTarget;
			buildConfigurationList = 79BAB27A24DBD410008566D4 /* Build configuration list for PBXNativeTarget "window-shopperTests" */;
			buildPhases = (
				79BAB26D24DBD410008566D4 /* Sources */,
				79BAB26E24DBD410008566D4 /* Frameworks */,
				79BAB26F24DBD410008566D4 /* Resources */,
			);
			buildRules = (
			);
			dependencies = (
				79BAB27724DBD410008566D4 /* PBXTargetDependency */,
			);
			name = "window-shopperTests";
			productName = "window-shopperTests";
			productReference = 79BAB27124DBD410008566D4 /* window-shopperTests.xctest */;
			productType = "com.apple.product-type.bundle.unit-test";
		};
/* End PBXNativeTarget section */

/* Begin PBXProject section */
		795D4BCB24D3FAA600BE1EC6 /* Project object */ = {
			isa = PBXProject;
			attributes = {
				LastSwiftUpdateCheck = 1160;
				LastUpgradeCheck = 1160;
				ORGANIZATIONNAME = "Vrushabh Rupala";
				TargetAttributes = {
					795D4BD224D3FAA600BE1EC6 = {
						CreatedOnToolsVersion = 11.6;
					};
					79BAB27024DBD410008566D4 = {
						CreatedOnToolsVersion = 11.6;
						TestTargetID = 795D4BD224D3FAA600BE1EC6;
					};
				};
			};
			buildConfigurationList = 795D4BCE24D3FAA600BE1EC6 /* Build configuration list for PBXProject "window-shopper" */;
			compatibilityVersion = "Xcode 9.3";
			developmentRegion = en;
			hasScannedForEncodings = 0;
			knownRegions = (
				en,
				Base,
			);
			mainGroup = 795D4BCA24D3FAA600BE1EC6;
			productRefGroup = 795D4BD424D3FAA600BE1EC6 /* Products */;
			projectDirPath = "";
			projectRoot = "";
			targets = (
				795D4BD224D3FAA600BE1EC6 /* window-shopper */,
				79BAB27024DBD410008566D4 /* window-shopperTests */,
			);
		};
/* End PBXProject section */

/* Begin PBXResourcesBuildPhase section */
		795D4BD124D3FAA600BE1EC6 /* Resources */ = {
			isa = PBXResourcesBuildPhase;
			buildActionMask = 2147483647;
			files = (
				795D4BE324D3FAA900BE1EC6 /* LaunchScreen.storyboard in Resources */,
				795D4BE024D3FAA900BE1EC6 /* Assets.xcassets in Resources */,
				795D4BDE24D3FAA600BE1EC6 /* Main.storyboard in Resources */,
			);
			runOnlyForDeploymentPostprocessing = 0;
		};
		79BAB26F24DBD410008566D4 /* Resources */ = {
			isa = PBXResourcesBuildPhase;
			buildActionMask = 2147483647;
			files = (
			);
			runOnlyForDeploymentPostprocessing = 0;
		};
/* End PBXResourcesBuildPhase section */

/* Begin PBXSourcesBuildPhase section */
		795D4BCF24D3FAA600BE1EC6 /* Sources */ = {
			isa = PBXSourcesBuildPhase;
			buildActionMask = 2147483647;
			files = (
				795D4BED24D405E100BE1EC6 /* CurrencyTxtField.swift in Sources */,
				795D4BDB24D3FAA600BE1EC6 /* ViewController.swift in Sources */,
				79BAB27D24DBD439008566D4 /* Wage.swift in Sources */,
				795D4BD724D3FAA600BE1EC6 /* AppDelegate.swift in Sources */,
				795D4BD924D3FAA600BE1EC6 /* SceneDelegate.swift in Sources */,
			);
			runOnlyForDeploymentPostprocessing = 0;
		};
		79BAB26D24DBD410008566D4 /* Sources */ = {
			isa = PBXSourcesBuildPhase;
			buildActionMask = 2147483647;
			files = (
				79BAB27424DBD410008566D4 /* window_shopperTests.swift in Sources */,
				79BAB27E24DBD5C7008566D4 /* Wage.swift in Sources */,
			);
			runOnlyForDeploymentPostprocessing = 0;
		};
/* End PBXSourcesBuildPhase section */

/* Begin PBXTargetDependency section */
		79BAB27724DBD410008566D4 /* PBXTargetDependency */ = {
			isa = PBXTargetDependency;
			target = 795D4BD224D3FAA600BE1EC6 /* window-shopper */;
			targetProxy = 79BAB27624DBD410008566D4 /* PBXContainerItemProxy */;
		};
/* End PBXTargetDependency section */

/* Begin PBXVariantGroup section */
		795D4BDC24D3FAA600BE1EC6 /* Main.storyboard */ = {
			isa = PBXVariantGroup;
			children = (
				795D4BDD24D3FAA600BE1EC6 /* Base */,
			);
			name = Main.storyboard;
			sourceTree = "<group>";
		};
		795D4BE124D3FAA900BE1EC6 /* LaunchScreen.storyboard */ = {
			isa = PBXVariantGroup;
			children = (
				795D4BE224D3FAA900BE1EC6 /* Base */,
			);
			name = LaunchScreen.storyboard;
			sourceTree = "<group>";
		};
/* End PBXVariantGroup section */

/* Begin XCBuildConfiguration section */
		795D4BE524D3FAA900BE1EC6 /* Debug */ = {
			isa = XCBuildConfiguration;
			buildSettings = {
				ALWAYS_SEARCH_USER_PATHS = NO;
				CLANG_ANALYZER_NONNULL = YES;
				CLANG_ANALYZER_NUMBER_OBJECT_CONVERSION = YES_AGGRESSIVE;
				CLANG_CXX_LANGUAGE_STANDARD = "gnu++14";
				CLANG_CXX_LIBRARY = "libc++";
				CLANG_ENABLE_MODULES = YES;
				CLANG_ENABLE_OBJC_ARC = YES;
				CLANG_ENABLE_OBJC_WEAK = YES;
				CLANG_WARN_BLOCK_CAPTURE_AUTORELEASING = YES;
				CLANG_WARN_BOOL_CONVERSION = YES;
				CLANG_WARN_COMMA = YES;
				CLANG_WARN_CONSTANT_CONVERSION = YES;
				CLANG_WARN_DEPRECATED_OBJC_IMPLEMENTATIONS = YES;
				CLANG_WARN_DIRECT_OBJC_ISA_USAGE = YES_ERROR;
				CLANG_WARN_DOCUMENTATION_COMMENTS = YES;
				CLANG_WARN_EMPTY_BODY = YES;
				CLANG_WARN_ENUM_CONVERSION = YES;
				CLANG_WARN_INFINITE_RECURSION = YES;
				CLANG_WARN_INT_CONVERSION = YES;
				CLANG_WARN_NON_LITERAL_NULL_CONVERSION = YES;
				CLANG_WARN_OBJC_IMPLICIT_RETAIN_SELF = YES;
				CLANG_WARN_OBJC_LITERAL_CONVERSION = YES;
				CLANG_WARN_OBJC_ROOT_CLASS = YES_ERROR;
				CLANG_WARN_RANGE_LOOP_ANALYSIS = YES;
				CLANG_WARN_STRICT_PROTOTYPES = YES;
				CLANG_WARN_SUSPICIOUS_MOVE = YES;
				CLANG_WARN_UNGUARDED_AVAILABILITY = YES_AGGRESSIVE;
				CLANG_WARN_UNREACHABLE_CODE = YES;
				CLANG_WARN__DUPLICATE_METHOD_MATCH = YES;
				COPY_PHASE_STRIP = NO;
				DEBUG_INFORMATION_FORMAT = dwarf;
				ENABLE_STRICT_OBJC_MSGSEND = YES;
				ENABLE_TESTABILITY = YES;
				GCC_C_LANGUAGE_STANDARD = gnu11;
				GCC_DYNAMIC_NO_PIC = NO;
				GCC_NO_COMMON_BLOCKS = YES;
				GCC_OPTIMIZATION_LEVEL = 0;
				GCC_PREPROCESSOR_DEFINITIONS = (
					"DEBUG=1",
					"$(inherited)",
				);
				GCC_WARN_64_TO_32_BIT_CONVERSION = YES;
				GCC_WARN_ABOUT_RETURN_TYPE = YES_ERROR;
				GCC_WARN_UNDECLARED_SELECTOR = YES;
				GCC_WARN_UNINITIALIZED_AUTOS = YES_AGGRESSIVE;
				GCC_WARN_UNUSED_FUNCTION = YES;
				GCC_WARN_UNUSED_VARIABLE = YES;
				IPHONEOS_DEPLOYMENT_TARGET = 13.6;
				MTL_ENABLE_DEBUG_INFO = INCLUDE_SOURCE;
				MTL_FAST_MATH = YES;
				ONLY_ACTIVE_ARCH = YES;
				SDKROOT = iphoneos;
				SWIFT_ACTIVE_COMPILATION_CONDITIONS = DEBUG;
				SWIFT_OPTIMIZATION_LEVEL = "-Onone";
			};
			name = Debug;
		};
		795D4BE624D3FAA900BE1EC6 /* Release */ = {
			isa = XCBuildConfiguration;
			buildSettings = {
				ALWAYS_SEARCH_USER_PATHS = NO;
				CLANG_ANALYZER_NONNULL = YES;
				CLANG_ANALYZER_NUMBER_OBJECT_CONVERSION = YES_AGGRESSIVE;
				CLANG_CXX_LANGUAGE_STANDARD = "gnu++14";
				CLANG_CXX_LIBRARY = "libc++";
				CLANG_ENABLE_MODULES = YES;
				CLANG_ENABLE_OBJC_ARC = YES;
				CLANG_ENABLE_OBJC_WEAK = YES;
				CLANG_WARN_BLOCK_CAPTURE_AUTORELEASING = YES;
				CLANG_WARN_BOOL_CONVERSION = YES;
				CLANG_WARN_COMMA = YES;
				CLANG_WARN_CONSTANT_CONVERSION = YES;
				CLANG_WARN_DEPRECATED_OBJC_IMPLEMENTATIONS = YES;
				CLANG_WARN_DIRECT_OBJC_ISA_USAGE = YES_ERROR;
				CLANG_WARN_DOCUMENTATION_COMMENTS = YES;
				CLANG_WARN_EMPTY_BODY = YES;
				CLANG_WARN_ENUM_CONVERSION = YES;
				CLANG_WARN_INFINITE_RECURSION = YES;
				CLANG_WARN_INT_CONVERSION = YES;
				CLANG_WARN_NON_LITERAL_NULL_CONVERSION = YES;
				CLANG_WARN_OBJC_IMPLICIT_RETAIN_SELF = YES;
				CLANG_WARN_OBJC_LITERAL_CONVERSION = YES;
				CLANG_WARN_OBJC_ROOT_CLASS = YES_ERROR;
				CLANG_WARN_RANGE_LOOP_ANALYSIS = YES;
				CLANG_WARN_STRICT_PROTOTYPES = YES;
				CLANG_WARN_SUSPICIOUS_MOVE = YES;
				CLANG_WARN_UNGUARDED_AVAILABILITY = YES_AGGRESSIVE;
				CLANG_WARN_UNREACHABLE_CODE = YES;
				CLANG_WARN__DUPLICATE_METHOD_MATCH = YES;
				COPY_PHASE_STRIP = NO;
				DEBUG_INFORMATION_FORMAT = "dwarf-with-dsym";
				ENABLE_NS_ASSERTIONS = NO;
				ENABLE_STRICT_OBJC_MSGSEND = YES;
				GCC_C_LANGUAGE_STANDARD = gnu11;
				GCC_NO_COMMON_BLOCKS = YES;
				GCC_WARN_64_TO_32_BIT_CONVERSION = YES;
				GCC_WARN_ABOUT_RETURN_TYPE = YES_ERROR;
				GCC_WARN_UNDECLARED_SELECTOR = YES;
				GCC_WARN_UNINITIALIZED_AUTOS = YES_AGGRESSIVE;
				GCC_WARN_UNUSED_FUNCTION = YES;
				GCC_WARN_UNUSED_VARIABLE = YES;
				IPHONEOS_DEPLOYMENT_TARGET = 13.6;
				MTL_ENABLE_DEBUG_INFO = NO;
				MTL_FAST_MATH = YES;
				SDKROOT = iphoneos;
				SWIFT_COMPILATION_MODE = wholemodule;
				SWIFT_OPTIMIZATION_LEVEL = "-O";
				VALIDATE_PRODUCT = YES;
			};
			name = Release;
		};
		795D4BE824D3FAA900BE1EC6 /* Debug */ = {
			isa = XCBuildConfiguration;
			buildSettings = {
				ASSETCATALOG_COMPILER_APPICON_NAME = AppIcon;
				CODE_SIGN_STYLE = Automatic;
				DEVELOPMENT_TEAM = 7LFW8NLZCG;
				INFOPLIST_FILE = "window-shopper/Info.plist";
				LD_RUNPATH_SEARCH_PATHS = (
					"$(inherited)",
					"@executable_path/Frameworks",
				);
				PRODUCT_BUNDLE_IDENTIFIER = "com.Vrushabh-Rupala.window-shopper";
				PRODUCT_NAME = "$(TARGET_NAME)";
				SWIFT_VERSION = 5.0;
				TARGETED_DEVICE_FAMILY = "1,2";
			};
			name = Debug;
		};
		795D4BE924D3FAA900BE1EC6 /* Release */ = {
			isa = XCBuildConfiguration;
			buildSettings = {
				ASSETCATALOG_COMPILER_APPICON_NAME = AppIcon;
				CODE_SIGN_STYLE = Automatic;
				DEVELOPMENT_TEAM = 7LFW8NLZCG;
				INFOPLIST_FILE = "window-shopper/Info.plist";
				LD_RUNPATH_SEARCH_PATHS = (
					"$(inherited)",
					"@executable_path/Frameworks",
				);
				PRODUCT_BUNDLE_IDENTIFIER = "com.Vrushabh-Rupala.window-shopper";
				PRODUCT_NAME = "$(TARGET_NAME)";
				SWIFT_VERSION = 5.0;
				TARGETED_DEVICE_FAMILY = "1,2";
			};
			name = Release;
		};
		79BAB27824DBD410008566D4 /* Debug */ = {
			isa = XCBuildConfiguration;
			buildSettings = {
				BUNDLE_LOADER = "$(TEST_HOST)";
				CODE_SIGN_STYLE = Automatic;
				DEVELOPMENT_TEAM = 7LFW8NLZCG;
				INFOPLIST_FILE = "window-shopperTests/Info.plist";
				LD_RUNPATH_SEARCH_PATHS = (
					"$(inherited)",
					"@executable_path/Frameworks",
					"@loader_path/Frameworks",
				);
				PRODUCT_BUNDLE_IDENTIFIER = "com.Vrushabh-Rupala.window-shopperTests";
				PRODUCT_NAME = "$(TARGET_NAME)";
				SWIFT_VERSION = 5.0;
				TARGETED_DEVICE_FAMILY = "1,2";
				TEST_HOST = "$(BUILT_PRODUCTS_DIR)/window-shopper.app/window-shopper";
			};
			name = Debug;
		};
		79BAB27924DBD410008566D4 /* Release */ = {
			isa = XCBuildConfiguration;
			buildSettings = {
				BUNDLE_LOADER = "$(TEST_HOST)";
				CODE_SIGN_STYLE = Automatic;
				DEVELOPMENT_TEAM = 7LFW8NLZCG;
				INFOPLIST_FILE = "window-shopperTests/Info.plist";
				LD_RUNPATH_SEARCH_PATHS = (
					"$(inherited)",
					"@executable_path/Frameworks",
					"@loader_path/Frameworks",
				);
				PRODUCT_BUNDLE_IDENTIFIER = "com.Vrushabh-Rupala.window-shopperTests";
				PRODUCT_NAME = "$(TARGET_NAME)";
				SWIFT_VERSION = 5.0;
				TARGETED_DEVICE_FAMILY = "1,2";
				TEST_HOST = "$(BUILT_PRODUCTS_DIR)/window-shopper.app/window-shopper";
			};
			name = Release;
		};
/* End XCBuildConfiguration section */

/* Begin XCConfigurationList section */
		795D4BCE24D3FAA600BE1EC6 /* Build configuration list for PBXProject "window-shopper" */ = {
			isa = XCConfigurationList;
			buildConfigurations = (
				795D4BE524D3FAA900BE1EC6 /* Debug */,
				795D4BE624D3FAA900BE1EC6 /* Release */,
			);
			defaultConfigurationIsVisible = 0;
			defaultConfigurationName = Release;
		};
		795D4BE724D3FAA900BE1EC6 /* Build configuration list for PBXNativeTarget "window-shopper" */ = {
			isa = XCConfigurationList;
			buildConfigurations = (
				795D4BE824D3FAA900BE1EC6 /* Debug */,
				795D4BE924D3FAA900BE1EC6 /* Release */,
			);
			defaultConfigurationIsVisible = 0;
			defaultConfigurationName = Release;
		};
		79BAB27A24DBD410008566D4 /* Build configuration list for PBXNativeTarget "window-shopperTests" */ = {
			isa = XCConfigurationList;
			buildConfigurations = (
				79BAB27824DBD410008566D4 /* Debug */,
				79BAB27924DBD410008566D4 /* Release */,
			);
			defaultConfigurationIsVisible = 0;
			defaultConfigurationName = Release;
		};
/* End XCConfigurationList section */
	};
	rootObject = 795D4BCB24D3FAA600BE1EC6 /* Project object */;
}
